
Microsoft Visual Studio Solution File, Format Version 12.00
# Visual Studio Version 17
VisualStudioVersion = 17.11.35303.130
MinimumVisualStudioVersion = 10.0.40219.1
Project("{FAE04EC0-301F-11D3-BF4B-00C04F79EFBC}") = "LibraryManagementSystem", "LibraryManagementSystem\LibraryManagementSystem.csproj", "{B56FE885-DD16-444B-8BF7-AB5C4263791D}"
EndProject
Global
	GlobalSection(SolutionConfigurationPlatforms) = preSolution
		Debug|Any CPU = Debug|Any CPU
		Release|Any CPU = Release|Any CPU
	EndGlobalSection
	GlobalSection(ProjectConfigurationPlatforms) = postSolution
		{B56FE885-DD16-444B-8BF7-AB5C4263791D}.Debug|Any CPU.ActiveCfg = Debug|Any CPU
		{B56FE885-DD16-444B-8BF7-AB5C4263791D}.Debug|Any CPU.Build.0 = Debug|Any CPU
		{B56FE885-DD16-444B-8BF7-AB5C4263791D}.Release|Any CPU.ActiveCfg = Release|Any CPU
		{B56FE885-DD16-444B-8BF7-AB5C4263791D}.Release|Any CPU.Build.0 = Release|Any CPU
	EndGlobalSection
	GlobalSection(SolutionProperties) = preSolution
		HideSolutionNode = FALSE
	EndGlobalSection
	GlobalSection(ExtensibilityGlobals) = postSolution
		SolutionGuid = {555B81ED-0119-4FAC-BBD5-D43DDD72F5E3}
	EndGlobalSection
EndGlobal
